
Microsoft Visual Studio Solution File, Format Version 12.00
# Visual Studio Version 17
VisualStudioVersion = 17.14.36401.2
MinimumVisualStudioVersion = 10.0.40219.1
Project("{2150E333-8FDC-42A3-9474-1A3956D46DE8}") = "Services", "Services", "{02EA681E-C7D8-13C7-8484-4AC65E1B71E8}"
EndProject
Project("{2150E333-8FDC-42A3-9474-1A3956D46DE8}") = "WebApps", "WebApps", "{768E685C-593B-46A9-92A1-DF5E4085E8AC}"
EndProject
Project("{2150E333-8FDC-42A3-9474-1A3956D46DE8}") = "Registration", "Registration", "{EF41C7A2-28DE-4A0D-B897-9A88AF22AD46}"
EndProject
Project("{2150E333-8FDC-42A3-9474-1A3956D46DE8}") = "Catalog", "Catalog", "{BBFE8FC2-E58B-468D-BECB-370AAAC37818}"
EndProject
Project("{2150E333-8FDC-42A3-9474-1A3956D46DE8}") = "Core", "Core", "{0B89205E-0E92-44B0-A2FA-F8F06E29746D}"
EndProject
Project("{2150E333-8FDC-42A3-9474-1A3956D46DE8}") = "Tax", "Tax", "{0E163475-E21C-4C22-B2FF-953711EA80A4}"
EndProject
Project("{2150E333-8FDC-42A3-9474-1A3956D46DE8}") = "Payments", "Payments", "{952D207D-EB92-47F1-B2CC-6A3E4D708C9A}"
EndProject
Project("{2150E333-8FDC-42A3-9474-1A3956D46DE8}") = "Sales", "Sales", "{73D1A315-6201-4827-B807-54C3566A17D1}"
EndProject
Project("{FAE04EC0-301F-11D3-BF4B-00C04F79EFBC}") = "NerdStore.Catalog.Domain", "src\NerdStore.Catalog.Domain\NerdStore.Catalog.Domain.csproj", "{20525587-D627-4642-9228-61F8949BD859}"
EndProject
Project("{FAE04EC0-301F-11D3-BF4B-00C04F79EFBC}") = "NerdStore.Core", "src\NerdStore.Core\NerdStore.Core.csproj", "{3F9766FA-DC66-4D7B-A75E-F399AD84D411}"
EndProject
Project("{2150E333-8FDC-42A3-9474-1A3956D46DE8}") = "Tests", "Tests", "{932C21ED-9DF7-4EB2-8C65-3AB20C6FEED0}"
EndProject
Project("{FAE04EC0-301F-11D3-BF4B-00C04F79EFBC}") = "NerdStore.Catalog.Domain.Tests", "test\NerdStore.Catalog.Domain.Tests\NerdStore.Catalog.Domain.Tests.csproj", "{88F73702-B0A6-42F1-8A4E-C160C95B04B8}"
EndProject
Project("{FAE04EC0-301F-11D3-BF4B-00C04F79EFBC}") = "NerdStore.Catalog.Data", "src\NerdStore.Catalog.Data\NerdStore.Catalog.Data.csproj", "{1E3EDBF9-C4D0-4F0A-BE22-8CD272B13CD9}"
EndProject
Project("{FAE04EC0-301F-11D3-BF4B-00C04F79EFBC}") = "NerdStore.Catalog.Application", "src\NerdStore.Catalog.Application\NerdStore.Catalog.Application.csproj", "{85DD6090-2895-4419-9130-2317DF8C4014}"
EndProject
Project("{FAE04EC0-301F-11D3-BF4B-00C04F79EFBC}") = "NerdStore.WebApps.MVC", "src\NerdStore.WebApps.MVC\NerdStore.WebApps.MVC.csproj", "{5076AA40-50CD-48B0-B57E-1669695594C8}"
EndProject
Global
	GlobalSection(SolutionConfigurationPlatforms) = preSolution
		Debug|Any CPU = Debug|Any CPU
		Release|Any CPU = Release|Any CPU
	EndGlobalSection
	GlobalSection(ProjectConfigurationPlatforms) = postSolution
		{20525587-D627-4642-9228-61F8949BD859}.Debug|Any CPU.ActiveCfg = Debug|Any CPU
		{20525587-D627-4642-9228-61F8949BD859}.Debug|Any CPU.Build.0 = Debug|Any CPU
		{20525587-D627-4642-9228-61F8949BD859}.Release|Any CPU.ActiveCfg = Release|Any CPU
		{20525587-D627-4642-9228-61F8949BD859}.Release|Any CPU.Build.0 = Release|Any CPU
		{3F9766FA-DC66-4D7B-A75E-F399AD84D411}.Debug|Any CPU.ActiveCfg = Debug|Any CPU
		{3F9766FA-DC66-4D7B-A75E-F399AD84D411}.Debug|Any CPU.Build.0 = Debug|Any CPU
		{3F9766FA-DC66-4D7B-A75E-F399AD84D411}.Release|Any CPU.ActiveCfg = Release|Any CPU
		{3F9766FA-DC66-4D7B-A75E-F399AD84D411}.Release|Any CPU.Build.0 = Release|Any CPU
		{88F73702-B0A6-42F1-8A4E-C160C95B04B8}.Debug|Any CPU.ActiveCfg = Debug|Any CPU
		{88F73702-B0A6-42F1-8A4E-C160C95B04B8}.Debug|Any CPU.Build.0 = Debug|Any CPU
		{88F73702-B0A6-42F1-8A4E-C160C95B04B8}.Release|Any CPU.ActiveCfg = Release|Any CPU
		{88F73702-B0A6-42F1-8A4E-C160C95B04B8}.Release|Any CPU.Build.0 = Release|Any CPU
		{1E3EDBF9-C4D0-4F0A-BE22-8CD272B13CD9}.Debug|Any CPU.ActiveCfg = Debug|Any CPU
		{1E3EDBF9-C4D0-4F0A-BE22-8CD272B13CD9}.Debug|Any CPU.Build.0 = Debug|Any CPU
		{1E3EDBF9-C4D0-4F0A-BE22-8CD272B13CD9}.Release|Any CPU.ActiveCfg = Release|Any CPU
		{1E3EDBF9-C4D0-4F0A-BE22-8CD272B13CD9}.Release|Any CPU.Build.0 = Release|Any CPU
		{85DD6090-2895-4419-9130-2317DF8C4014}.Debug|Any CPU.ActiveCfg = Debug|Any CPU
		{85DD6090-2895-4419-9130-2317DF8C4014}.Debug|Any CPU.Build.0 = Debug|Any CPU
		{85DD6090-2895-4419-9130-2317DF8C4014}.Release|Any CPU.ActiveCfg = Release|Any CPU
		{85DD6090-2895-4419-9130-2317DF8C4014}.Release|Any CPU.Build.0 = Release|Any CPU
		{5076AA40-50CD-48B0-B57E-1669695594C8}.Debug|Any CPU.ActiveCfg = Debug|Any CPU
		{5076AA40-50CD-48B0-B57E-1669695594C8}.Debug|Any CPU.Build.0 = Debug|Any CPU
		{5076AA40-50CD-48B0-B57E-1669695594C8}.Release|Any CPU.ActiveCfg = Release|Any CPU
		{5076AA40-50CD-48B0-B57E-1669695594C8}.Release|Any CPU.Build.0 = Release|Any CPU
	EndGlobalSection
	GlobalSection(SolutionProperties) = preSolution
		HideSolutionNode = FALSE
	EndGlobalSection
	GlobalSection(NestedProjects) = preSolution
		{EF41C7A2-28DE-4A0D-B897-9A88AF22AD46} = {02EA681E-C7D8-13C7-8484-4AC65E1B71E8}
		{BBFE8FC2-E58B-468D-BECB-370AAAC37818} = {02EA681E-C7D8-13C7-8484-4AC65E1B71E8}
		{0B89205E-0E92-44B0-A2FA-F8F06E29746D} = {02EA681E-C7D8-13C7-8484-4AC65E1B71E8}
		{0E163475-E21C-4C22-B2FF-953711EA80A4} = {02EA681E-C7D8-13C7-8484-4AC65E1B71E8}
		{952D207D-EB92-47F1-B2CC-6A3E4D708C9A} = {02EA681E-C7D8-13C7-8484-4AC65E1B71E8}
		{73D1A315-6201-4827-B807-54C3566A17D1} = {02EA681E-C7D8-13C7-8484-4AC65E1B71E8}
		{20525587-D627-4642-9228-61F8949BD859} = {BBFE8FC2-E58B-468D-BECB-370AAAC37818}
		{3F9766FA-DC66-4D7B-A75E-F399AD84D411} = {0B89205E-0E92-44B0-A2FA-F8F06E29746D}
		{932C21ED-9DF7-4EB2-8C65-3AB20C6FEED0} = {BBFE8FC2-E58B-468D-BECB-370AAAC37818}
		{88F73702-B0A6-42F1-8A4E-C160C95B04B8} = {932C21ED-9DF7-4EB2-8C65-3AB20C6FEED0}
		{1E3EDBF9-C4D0-4F0A-BE22-8CD272B13CD9} = {BBFE8FC2-E58B-468D-BECB-370AAAC37818}
		{85DD6090-2895-4419-9130-2317DF8C4014} = {BBFE8FC2-E58B-468D-BECB-370AAAC37818}
		{5076AA40-50CD-48B0-B57E-1669695594C8} = {768E685C-593B-46A9-92A1-DF5E4085E8AC}
	EndGlobalSection
	GlobalSection(ExtensibilityGlobals) = postSolution
		SolutionGuid = {8CD7229E-6104-4239-9407-1F8C62E74B08}
	EndGlobalSection
EndGlobal
